// !$*UTF8*$!
{
	archiveVersion = 1;
	classes = {
	};
	objectVersion = 46;
	objects = {

/* Begin PBXBuildFile section */
		040FE18D1E7FC62100C3FA16 /* main.m in Sources */ = {isa = PBXBuildFile; fileRef = 040FE18C1E7FC62100C3FA16 /* main.m */; };
		040FE1901E7FC62100C3FA16 /* AppDelegate.m in Sources */ = {isa = PBXBuildFile; fileRef = 040FE18F1E7FC62100C3FA16 /* AppDelegate.m */; };
		040FE1931E7FC62100C3FA16 /* ViewController.m in Sources */ = {isa = PBXBuildFile; fileRef = 040FE1921E7FC62100C3FA16 /* ViewController.m */; };
		040FE1961E7FC62100C3FA16 /* Main.storyboard in Resources */ = {isa = PBXBuildFile; fileRef = 040FE1941E7FC62100C3FA16 /* Main.storyboard */; };
		040FE1981E7FC62100C3FA16 /* Assets.xcassets in Resources */ = {isa = PBXBuildFile; fileRef = 040FE1971E7FC62100C3FA16 /* Assets.xcassets */; };
		040FE19B1E7FC62100C3FA16 /* LaunchScreen.storyboard in Resources */ = {isa = PBXBuildFile; fileRef = 040FE1991E7FC62100C3FA16 /* LaunchScreen.storyboard */; };
		58C262BD6B0CAE5ABACFBF64 /* libPods-TextGit.a in Frameworks */ = {isa = PBXBuildFile; fileRef = 696DCBAF409B596F809B612A /* libPods-TextGit.a */; };
/* End PBXBuildFile section */

/* Begin PBXFileReference section */
		040FE1881E7FC62100C3FA16 /* TextGit.app */ = {isa = PBXFileReference; explicitFileType = wrapper.application; includeInIndex = 0; path = TextGit.app; sourceTree = BUILT_PRODUCTS_DIR; };
		040FE18C1E7FC62100C3FA16 /* main.m */ = {isa = PBXFileReference; lastKnownFileType = sourcecode.c.objc; path = main.m; sourceTree = "<group>"; };
		040FE18E1E7FC62100C3FA16 /* AppDelegate.h */ = {isa = PBXFileReference; lastKnownFileType = sourcecode.c.h; path = AppDelegate.h; sourceTree = "<group>"; };
		040FE18F1E7FC62100C3FA16 /* AppDelegate.m */ = {isa = PBXFileReference; lastKnownFileType = sourcecode.c.objc; path = AppDelegate.m; sourceTree = "<group>"; };
		040FE1911E7FC62100C3FA16 /* ViewController.h */ = {isa = PBXFileReference; lastKnownFileType = sourcecode.c.h; path = ViewController.h; sourceTree = "<group>"; };
		040FE1921E7FC62100C3FA16 /* ViewController.m */ = {isa = PBXFileReference; lastKnownFileType = sourcecode.c.objc; path = ViewController.m; sourceTree = "<group>"; };
		040FE1951E7FC62100C3FA16 /* Base */ = {isa = PBXFileReference; lastKnownFileType = file.storyboard; name = Base; path = Base.lproj/Main.storyboard; sourceTree = "<group>"; };
		040FE1971E7FC62100C3FA16 /* Assets.xcassets */ = {isa = PBXFileReference; lastKnownFileType = folder.assetcatalog; path = Assets.xcassets; sourceTree = "<group>"; };
		040FE19A1E7FC62100C3FA16 /* Base */ = {isa = PBXFileReference; lastKnownFileType = file.storyboard; name = Base; path = Base.lproj/LaunchScreen.storyboard; sourceTree = "<group>"; };
		040FE19C1E7FC62100C3FA16 /* Info.plist */ = {isa = PBXFileReference; lastKnownFileType = text.plist.xml; path = Info.plist; sourceTree = "<group>"; };
		5AAA3431DFA30E17A61B6A12 /* Pods-TextGit.debug.xcconfig */ = {isa = PBXFileReference; includeInIndex = 1; lastKnownFileType = text.xcconfig; name = "Pods-TextGit.debug.xcconfig"; path = "Pods/Target Support Files/Pods-TextGit/Pods-TextGit.debug.xcconfig"; sourceTree = "<group>"; };
		696DCBAF409B596F809B612A /* libPods-TextGit.a */ = {isa = PBXFileReference; explicitFileType = archive.ar; includeInIndex = 0; path = "libPods-TextGit.a"; sourceTree = BUILT_PRODUCTS_DIR; };
		C23016CC28ADFF05144BA65B /* Pods-TextGit.release.xcconfig */ = {isa = PBXFileReference; includeInIndex = 1; lastKnownFileType = text.xcconfig; name = "Pods-TextGit.release.xcconfig"; path = "Pods/Target Support Files/Pods-TextGit/Pods-TextGit.release.xcconfig"; sourceTree = "<group>"; };
/* End PBXFileReference section */

/* Begin PBXFrameworksBuildPhase section */
		040FE1851E7FC62100C3FA16 /* Frameworks */ = {
			isa = PBXFrameworksBuildPhase;
			buildActionMask = 2147483647;
			files = (
				58C262BD6B0CAE5ABACFBF64 /* libPods-TextGit.a in Frameworks */,
			);
			runOnlyForDeploymentPostprocessing = 0;
		};
/* End PBXFrameworksBuildPhase section */

/* Begin PBXGroup section */
		040FE17F1E7FC62100C3FA16 = {
			isa = PBXGroup;
			children = (
				040FE18A1E7FC62100C3FA16 /* TextGit */,
				040FE1891E7FC62100C3FA16 /* Products */,
				086054D010F85083D2A1623A /* Pods */,
				8147C6AFCBF03E8191556610 /* Frameworks */,
			);
			sourceTree = "<group>";
		};
		040FE1891E7FC62100C3FA16 /* Products */ = {
			isa = PBXGroup;
			children = (
				040FE1881E7FC62100C3FA16 /* TextGit.app */,
			);
			name = Products;
			sourceTree = "<group>";
		};
		040FE18A1E7FC62100C3FA16 /* TextGit */ = {
			isa = PBXGroup;
			children = (
				040FE18E1E7FC62100C3FA16 /* AppDelegate.h */,
				040FE18F1E7FC62100C3FA16 /* AppDelegate.m */,
				040FE1911E7FC62100C3FA16 /* ViewController.h */,
				040FE1921E7FC62100C3FA16 /* ViewController.m */,
				040FE1941E7FC62100C3FA16 /* Main.storyboard */,
				040FE1971E7FC62100C3FA16 /* Assets.xcassets */,
				040FE1991E7FC62100C3FA16 /* LaunchScreen.storyboard */,
				040FE19C1E7FC62100C3FA16 /* Info.plist */,
				040FE18B1E7FC62100C3FA16 /* Supporting Files */,
			);
			path = TextGit;
			sourceTree = "<group>";
		};
		040FE18B1E7FC62100C3FA16 /* Supporting Files */ = {
			isa = PBXGroup;
			children = (
				040FE18C1E7FC62100C3FA16 /* main.m */,
			);
			name = "Supporting Files";
			sourceTree = "<group>";
		};
		086054D010F85083D2A1623A /* Pods */ = {
			isa = PBXGroup;
			children = (
				5AAA3431DFA30E17A61B6A12 /* Pods-TextGit.debug.xcconfig */,
				C23016CC28ADFF05144BA65B /* Pods-TextGit.release.xcconfig */,
			);
			name = Pods;
			sourceTree = "<group>";
		};
		8147C6AFCBF03E8191556610 /* Frameworks */ = {
			isa = PBXGroup;
			children = (
				696DCBAF409B596F809B612A /* libPods-TextGit.a */,
			);
			name = Frameworks;
			sourceTree = "<group>";
		};
/* End PBXGroup section */

/* Begin PBXNativeTarget section */
		040FE1871E7FC62100C3FA16 /* TextGit */ = {
			isa = PBXNativeTarget;
			buildConfigurationList = 040FE19F1E7FC62100C3FA16 /* Build configuration list for PBXNativeTarget "TextGit" */;
			buildPhases = (
				08CEAFAD6215D37F47D44045 /* [CP] Check Pods Manifest.lock */,
				040FE1841E7FC62100C3FA16 /* Sources */,
				040FE1851E7FC62100C3FA16 /* Frameworks */,
				040FE1861E7FC62100C3FA16 /* Resources */,
				63D3F1E108B112D268CE0E1B /* [CP] Embed Pods Frameworks */,
				42AB6A5BA25AF8FF88C0B766 /* [CP] Copy Pods Resources */,
			);
			buildRules = (
			);
			dependencies = (
			);
			name = TextGit;
			productName = TextGit;
			productReference = 040FE1881E7FC62100C3FA16 /* TextGit.app */;
			productType = "com.apple.product-type.application";
		};
/* End PBXNativeTarget section */

/* Begin PBXProject section */
		040FE1801E7FC62100C3FA16 /* Project object */ = {
			isa = PBXProject;
			attributes = {
				LastUpgradeCheck = 0810;
				ORGANIZATIONNAME = ZhiFan;
				TargetAttributes = {
					040FE1871E7FC62100C3FA16 = {
						CreatedOnToolsVersion = 8.1;
						DevelopmentTeam = CY4XS8MY87;
						ProvisioningStyle = Automatic;
					};
				};
			};
			buildConfigurationList = 040FE1831E7FC62100C3FA16 /* Build configuration list for PBXProject "TextGit" */;
			compatibilityVersion = "Xcode 3.2";
			developmentRegion = English;
			hasScannedForEncodings = 0;
			knownRegions = (
				en,
				Base,
			);
			mainGroup = 040FE17F1E7FC62100C3FA16;
			productRefGroup = 040FE1891E7FC62100C3FA16 /* Products */;
			projectDirPath = "";
			projectRoot = "";
			targets = (
				040FE1871E7FC62100C3FA16 /* TextGit */,
			);
		};
/* End PBXProject section */

/* Begin PBXResourcesBuildPhase section */
		040FE1861E7FC62100C3FA16 /* Resources */ = {
			isa = PBXResourcesBuildPhase;
			buildActionMask = 2147483647;
			files = (
				040FE19B1E7FC62100C3FA16 /* LaunchScreen.storyboard in Resources */,
				040FE1981E7FC62100C3FA16 /* Assets.xcassets in Resources */,
				040FE1961E7FC62100C3FA16 /* Main.storyboard in Resources */,
			);
			runOnlyForDeploymentPostprocessing = 0;
		};
/* End PBXResourcesBuildPhase section */

/* Begin PBXShellScriptBuildPhase section */
		08CEAFAD6215D37F47D44045 /* [CP] Check Pods Manifest.lock */ = {
			isa = PBXShellScriptBuildPhase;
			buildActionMask = 2147483647;
			files = (
			);
			inputPaths = (
			);
			name = "[CP] Check Pods Manifest.lock";
			outputPaths = (
			);
			runOnlyForDeploymentPostprocessing = 0;
			shellPath = /bin/sh;
			shellScript = "diff \"${PODS_ROOT}/../Podfile.lock\" \"${PODS_ROOT}/Manifest.lock\" > /dev/null\nif [ $? != 0 ] ; then\n    # print error to STDERR\n    echo \"error: The sandbox is not in sync with the Podfile.lock. Run 'pod install' or update your CocoaPods installation.\" >&2\n    exit 1\nfi\n";
			showEnvVarsInLog = 0;
		};
		42AB6A5BA25AF8FF88C0B766 /* [CP] Copy Pods Resources */ = {
			isa = PBXShellScriptBuildPhase;
			buildActionMask = 2147483647;
			files = (
			);
			inputPaths = (
			);
			name = "[CP] Copy Pods Resources";
			outputPaths = (
			);
			runOnlyForDeploymentPostprocessing = 0;
			shellPath = /bin/sh;
			shellScript = "\"${SRCROOT}/Pods/Target Support Files/Pods-TextGit/Pods-TextGit-resources.sh\"\n";
			showEnvVarsInLog = 0;
		};
		63D3F1E108B112D268CE0E1B /* [CP] Embed Pods Frameworks */ = {
			isa = PBXShellScriptBuildPhase;
			buildActionMask = 2147483647;
			files = (
			);
			inputPaths = (
			);
			name = "[CP] Embed Pods Frameworks";
			outputPaths = (
			);
			runOnlyForDeploymentPostprocessing = 0;
			shellPath = /bin/sh;
			shellScript = "\"${SRCROOT}/Pods/Target Support Files/Pods-TextGit/Pods-TextGit-frameworks.sh\"\n";
			showEnvVarsInLog = 0;
		};
/* End PBXShellScriptBuildPhase section */

/* Begin PBXSourcesBuildPhase section */
		040FE1841E7FC62100C3FA16 /* Sources */ = {
			isa = PBXSourcesBuildPhase;
			buildActionMask = 2147483647;
			files = (
				040FE1931E7FC62100C3FA16 /* ViewController.m in Sources */,
				040FE1901E7FC62100C3FA16 /* AppDelegate.m in Sources */,
				040FE18D1E7FC62100C3FA16 /* main.m in Sources */,
			);
			runOnlyForDeploymentPostprocessing = 0;
		};
/* End PBXSourcesBuildPhase section */

/* Begin PBXVariantGroup section */
		040FE1941E7FC62100C3FA16 /* Main.storyboard */ = {
			isa = PBXVariantGroup;
			children = (
				040FE1951E7FC62100C3FA16 /* Base */,
			);
			name = Main.storyboard;
			sourceTree = "<group>";
		};
		040FE1991E7FC62100C3FA16 /* LaunchScreen.storyboard */ = {
			isa = PBXVariantGroup;
			children = (
				040FE19A1E7FC62100C3FA16 /* Base */,
			);
			name = LaunchScreen.storyboard;
			sourceTree = "<group>";
		};
/* End PBXVariantGroup section */

/* Begin XCBuildConfiguration section */
		040FE19D1E7FC62100C3FA16 /* Debug */ = {
			isa = XCBuildConfiguration;
			buildSettings = {
				ALWAYS_SEARCH_USER_PATHS = NO;
				CLANG_ANALYZER_NONNULL = YES;
				CLANG_CXX_LANGUAGE_STANDARD = "gnu++0x";
				CLANG_CXX_LIBRARY = "libc++";
				CLANG_ENABLE_MODULES = YES;
				CLANG_ENABLE_OBJC_ARC = YES;
				CLANG_WARN_BOOL_CONVERSION = YES;
				CLANG_WARN_CONSTANT_CONVERSION = YES;
				CLANG_WARN_DIRECT_OBJC_ISA_USAGE = YES_ERROR;
				CLANG_WARN_DOCUMENTATION_COMMENTS = YES;
				CLANG_WARN_EMPTY_BODY = YES;
				CLANG_WARN_ENUM_CONVERSION = YES;
				CLANG_WARN_INFINITE_RECURSION = YES;
				CLANG_WARN_INT_CONVERSION = YES;
				CLANG_WARN_OBJC_ROOT_CLASS = YES_ERROR;
				CLANG_WARN_SUSPICIOUS_MOVES = YES;
				CLANG_WARN_UNREACHABLE_CODE = YES;
				CLANG_WARN__DUPLICATE_METHOD_MATCH = YES;
				"CODE_SIGN_IDENTITY[sdk=iphoneos*]" = "iPhone Developer";
				COPY_PHASE_STRIP = NO;
				DEBUG_INFORMATION_FORMAT = dwarf;
				ENABLE_STRICT_OBJC_MSGSEND = YES;
				ENABLE_TESTABILITY = YES;
				GCC_C_LANGUAGE_STANDARD = gnu99;
				GCC_DYNAMIC_NO_PIC = NO;
				GCC_NO_COMMON_BLOCKS = YES;
				GCC_OPTIMIZATION_LEVEL = 0;
				GCC_PREPROCESSOR_DEFINITIONS = (
					"DEBUG=1",
					"$(inherited)",
				);
				GCC_WARN_64_TO_32_BIT_CONVERSION = YES;
				GCC_WARN_ABOUT_RETURN_TYPE = YES_ERROR;
				GCC_WARN_UNDECLARED_SELECTOR = YES;
				GCC_WARN_UNINITIALIZED_AUTOS = YES_AGGRESSIVE;
				GCC_WARN_UNUSED_FUNCTION = YES;
				GCC_WARN_UNUSED_VARIABLE = YES;
				IPHONEOS_DEPLOYMENT_TARGET = 10.1;
				MTL_ENABLE_DEBUG_INFO = YES;
				ONLY_ACTIVE_ARCH = YES;
				SDKROOT = iphoneos;
			};
			name = Debug;
		};
		040FE19E1E7FC62100C3FA16 /* Release */ = {
			isa = XCBuildConfiguration;
			buildSettings = {
				ALWAYS_SEARCH_USER_PATHS = NO;
				CLANG_ANALYZER_NONNULL = YES;
				CLANG_CXX_LANGUAGE_STANDARD = "gnu++0x";
				CLANG_CXX_LIBRARY = "libc++";
				CLANG_ENABLE_MODULES = YES;
				CLANG_ENABLE_OBJC_ARC = YES;
				CLANG_WARN_BOOL_CONVERSION = YES;
				CLANG_WARN_CONSTANT_CONVERSION = YES;
				CLANG_WARN_DIRECT_OBJC_ISA_USAGE = YES_ERROR;
				CLANG_WARN_DOCUMENTATION_COMMENTS = YES;
				CLANG_WARN_EMPTY_BODY = YES;
				CLANG_WARN_ENUM_CONVERSION = YES;
				CLANG_WARN_INFINITE_RECURSION = YES;
				CLANG_WARN_INT_CONVERSION = YES;
				CLANG_WARN_OBJC_ROOT_CLASS = YES_ERROR;
				CLANG_WARN_SUSPICIOUS_MOVES = YES;
				CLANG_WARN_UNREACHABLE_CODE = YES;
				CLANG_WARN__DUPLICATE_METHOD_MATCH = YES;
				"CODE_SIGN_IDENTITY[sdk=iphoneos*]" = "iPhone Developer";
				COPY_PHASE_STRIP = NO;
				DEBUG_INFORMATION_FORMAT = "dwarf-with-dsym";
				ENABLE_NS_ASSERTIONS = NO;
				ENABLE_STRICT_OBJC_MSGSEND = YES;
				GCC_C_LANGUAGE_STANDARD = gnu99;
				GCC_NO_COMMON_BLOCKS = YES;
				GCC_WARN_64_TO_32_BIT_CONVERSION = YES;
				GCC_WARN_ABOUT_RETURN_TYPE = YES_ERROR;
				GCC_WARN_UNDECLARED_SELECTOR = YES;
				GCC_WARN_UNINITIALIZED_AUTOS = YES_AGGRESSIVE;
				GCC_WARN_UNUSED_FUNCTION = YES;
				GCC_WARN_UNUSED_VARIABLE = YES;
				IPHONEOS_DEPLOYMENT_TARGET = 10.1;
				MTL_ENABLE_DEBUG_INFO = NO;
				SDKROOT = iphoneos;
				VALIDATE_PRODUCT = YES;
			};
			name = Release;
		};
		040FE1A01E7FC62100C3FA16 /* Debug */ = {
			isa = XCBuildConfiguration;
			baseConfigurationReference = 5AAA3431DFA30E17A61B6A12 /* Pods-TextGit.debug.xcconfig */;
			buildSettings = {
				ASSETCATALOG_COMPILER_APPICON_NAME = AppIcon;
				DEVELOPMENT_TEAM = CY4XS8MY87;
				INFOPLIST_FILE = TextGit/Info.plist;
				IPHONEOS_DEPLOYMENT_TARGET = 8.0;
				LD_RUNPATH_SEARCH_PATHS = "$(inherited) @executable_path/Frameworks";
				PRODUCT_BUNDLE_IDENTIFIER = "com.Zhifan.www.Myapp-tool.TextGit";
				PRODUCT_NAME = "$(TARGET_NAME)";
			};
			name = Debug;
		};
		040FE1A11E7FC62100C3FA16 /* Release */ = {
			isa = XCBuildConfiguration;
			baseConfigurationReference = C23016CC28ADFF05144BA65B /* Pods-TextGit.release.xcconfig */;
			buildSettings = {
				ASSETCATALOG_COMPILER_APPICON_NAME = AppIcon;
				DEVELOPMENT_TEAM = CY4XS8MY87;
				INFOPLIST_FILE = TextGit/Info.plist;
				IPHONEOS_DEPLOYMENT_TARGET = 8.0;
				LD_RUNPATH_SEARCH_PATHS = "$(inherited) @executable_path/Frameworks";
				PRODUCT_BUNDLE_IDENTIFIER = "com.Zhifan.www.Myapp-tool.TextGit";
				PRODUCT_NAME = "$(TARGET_NAME)";
			};
			name = Release;
		};
/* End XCBuildConfiguration section */

/* Begin XCConfigurationList section */
		040FE1831E7FC62100C3FA16 /* Build configuration list for PBXProject "TextGit" */ = {
			isa = XCConfigurationList;
			buildConfigurations = (
				040FE19D1E7FC62100C3FA16 /* Debug */,
				040FE19E1E7FC62100C3FA16 /* Release */,
			);
			defaultConfigurationIsVisible = 0;
			defaultConfigurationName = Release;
		};
		040FE19F1E7FC62100C3FA16 /* Build configuration list for PBXNativeTarget "TextGit" */ = {
			isa = XCConfigurationList;
			buildConfigurations = (
				040FE1A01E7FC62100C3FA16 /* Debug */,
				040FE1A11E7FC62100C3FA16 /* Release */,
			);
			defaultConfigurationIsVisible = 0;
		};
/* End XCConfigurationList section */
	};
	rootObject = 040FE1801E7FC62100C3FA16 /* Project object */;
}
